# generated by rye
# use `rye lock` or `rye sync` to update this lockfile
#
# last locked with the following flags:
#   pre: false
#   features: []
#   all-features: false
#   with-sources: false
#   generate-hashes: false
#   universal: false

-e file:.
attrs==24.2.0
    # via interrogate
beautifulsoup4==4.12.3
    # via google
cfgv==3.4.0
    # via pre-commit
click==8.1.7
    # via deptry
    # via gentroutils
    # via interrogate
colorama==0.4.6
    # via interrogate
coverage==7.6.1
    # via pytest-cov
deptry==0.19.0
distlib==0.3.8
    # via virtualenv
exceptiongroup==1.2.2
    # via pytest
execnet==2.1.1
    # via pytest-xdist
filelock==3.15.4
    # via virtualenv
google==3.0.0
    # via gentroutils
identify==2.6.0
    # via pre-commit
iniconfig==2.0.0
    # via pytest
interrogate==1.7.0
isort==5.13.2
mypy==1.11.1
mypy-extensions==1.0.0
    # via mypy
nodeenv==1.9.1
    # via pre-commit
packaging==24.1
    # via pytest
    # via pytest-sugar
platformdirs==4.2.2
    # via virtualenv
pluggy==1.5.0
    # via pytest
pre-commit==3.8.0
py==1.11.0
    # via interrogate
pytest==8.3.2
    # via pytest-cov
    # via pytest-sugar
    # via pytest-xdist
pytest-cov==5.0.0
pytest-sugar==1.0.0
pytest-xdist==3.6.1
pyyaml==6.0.2
    # via pre-commit
ruff==0.5.6
soupsieve==2.5
    # via beautifulsoup4
tabulate==0.9.0
    # via interrogate
termcolor==2.4.0
    # via pytest-sugar
tomli==2.0.1
    # via coverage
    # via deptry
    # via interrogate
    # via mypy
    # via pytest
typing-extensions==4.12.2
    # via mypy
virtualenv==20.26.3
    # via pre-commit
